
Microsoft Visual Studio Solution File, Format Version 12.00
# Visual Studio 15
VisualStudioVersion = 15.0.28307.168
MinimumVisualStudioVersion = 10.0.40219.1
Project("{FAE04EC0-301F-11D3-BF4B-00C04F79EFBC}") = "ProjectKS", "ProjectKS\ProjectKS.csproj", "{3F9938AE-FF5F-4240-839F-F8FE544F2B5A}"
EndProject
Project("{FAE04EC0-301F-11D3-BF4B-00C04F79EFBC}") = "HotelLibrary", "HotelLibrary\HotelLibrary.csproj", "{1A87A619-073A-4026-AD2F-07801AB646AB}"
EndProject
Global
	GlobalSection(SolutionConfigurationPlatforms) = preSolution
		Debug|Any CPU = Debug|Any CPU
		Release|Any CPU = Release|Any CPU
	EndGlobalSection
	GlobalSection(ProjectConfigurationPlatforms) = postSolution
		{3F9938AE-FF5F-4240-839F-F8FE544F2B5A}.Debug|Any CPU.ActiveCfg = Debug|Any CPU
		{3F9938AE-FF5F-4240-839F-F8FE544F2B5A}.Debug|Any CPU.Build.0 = Debug|Any CPU
		{3F9938AE-FF5F-4240-839F-F8FE544F2B5A}.Release|Any CPU.ActiveCfg = Release|Any CPU
		{3F9938AE-FF5F-4240-839F-F8FE544F2B5A}.Release|Any CPU.Build.0 = Release|Any CPU
		{1A87A619-073A-4026-AD2F-07801AB646AB}.Debug|Any CPU.ActiveCfg = Debug|Any CPU
		{1A87A619-073A-4026-AD2F-07801AB646AB}.Debug|Any CPU.Build.0 = Debug|Any CPU
		{1A87A619-073A-4026-AD2F-07801AB646AB}.Release|Any CPU.ActiveCfg = Release|Any CPU
		{1A87A619-073A-4026-AD2F-07801AB646AB}.Release|Any CPU.Build.0 = Release|Any CPU
	EndGlobalSection
	GlobalSection(SolutionProperties) = preSolution
		HideSolutionNode = FALSE
	EndGlobalSection
	GlobalSection(ExtensibilityGlobals) = postSolution
		SolutionGuid = {F21A144F-231E-42AA-81C7-F619E5E891D5}
	EndGlobalSection
EndGlobal
